// !$*UTF8*$!
{
	archiveVersion = 1;
	classes = {
	};
	objectVersion = 46;
	objects = {

/* Begin PBXBuildFile section */
		53B5AE0A1F1E29CA005096F4 /* AppDelegate.swift in Sources */ = {isa = PBXBuildFile; fileRef = 53B5AE091F1E29CA005096F4 /* AppDelegate.swift */; };
		53B5AE0C1F1E29CA005096F4 /* ViewController.swift in Sources */ = {isa = PBXBuildFile; fileRef = 53B5AE0B1F1E29CA005096F4 /* ViewController.swift */; };
		53B5AE0F1F1E29CA005096F4 /* Main.storyboard in Resources */ = {isa = PBXBuildFile; fileRef = 53B5AE0D1F1E29CA005096F4 /* Main.storyboard */; };
		53B5AE121F1E29CA005096F4 /* IOSWebservice.xcdatamodeld in Sources */ = {isa = PBXBuildFile; fileRef = 53B5AE101F1E29CA005096F4 /* IOSWebservice.xcdatamodeld */; };
		53B5AE141F1E29CA005096F4 /* Assets.xcassets in Resources */ = {isa = PBXBuildFile; fileRef = 53B5AE131F1E29CA005096F4 /* Assets.xcassets */; };
		53B5AE171F1E29CA005096F4 /* LaunchScreen.storyboard in Resources */ = {isa = PBXBuildFile; fileRef = 53B5AE151F1E29CA005096F4 /* LaunchScreen.storyboard */; };
		53B5AE221F1E29CA005096F4 /* IOSWebserviceTests.swift in Sources */ = {isa = PBXBuildFile; fileRef = 53B5AE211F1E29CA005096F4 /* IOSWebserviceTests.swift */; };
/* End PBXBuildFile section */

/* Begin PBXContainerItemProxy section */
		53B5AE1E1F1E29CA005096F4 /* PBXContainerItemProxy */ = {
			isa = PBXContainerItemProxy;
			containerPortal = 53B5ADFE1F1E29CA005096F4 /* Project object */;
			proxyType = 1;
			remoteGlobalIDString = 53B5AE051F1E29CA005096F4;
			remoteInfo = IOSWebservice;
		};
/* End PBXContainerItemProxy section */

/* Begin PBXFileReference section */
		53B5AE061F1E29CA005096F4 /* IOSWebservice.app */ = {isa = PBXFileReference; explicitFileType = wrapper.application; includeInIndex = 0; path = IOSWebservice.app; sourceTree = BUILT_PRODUCTS_DIR; };
		53B5AE091F1E29CA005096F4 /* AppDelegate.swift */ = {isa = PBXFileReference; lastKnownFileType = sourcecode.swift; path = AppDelegate.swift; sourceTree = "<group>"; };
		53B5AE0B1F1E29CA005096F4 /* ViewController.swift */ = {isa = PBXFileReference; lastKnownFileType = sourcecode.swift; path = ViewController.swift; sourceTree = "<group>"; };
		53B5AE0E1F1E29CA005096F4 /* Base */ = {isa = PBXFileReference; lastKnownFileType = file.storyboard; name = Base; path = Base.lproj/Main.storyboard; sourceTree = "<group>"; };
		53B5AE111F1E29CA005096F4 /* IOSWebservice.xcdatamodel */ = {isa = PBXFileReference; lastKnownFileType = wrapper.xcdatamodel; path = IOSWebservice.xcdatamodel; sourceTree = "<group>"; };
		53B5AE131F1E29CA005096F4 /* Assets.xcassets */ = {isa = PBXFileReference; lastKnownFileType = folder.assetcatalog; path = Assets.xcassets; sourceTree = "<group>"; };
		53B5AE161F1E29CA005096F4 /* Base */ = {isa = PBXFileReference; lastKnownFileType = file.storyboard; name = Base; path = Base.lproj/LaunchScreen.storyboard; sourceTree = "<group>"; };
		53B5AE181F1E29CA005096F4 /* Info.plist */ = {isa = PBXFileReference; lastKnownFileType = text.plist.xml; path = Info.plist; sourceTree = "<group>"; };
		53B5AE1D1F1E29CA005096F4 /* IOSWebserviceTests.xctest */ = {isa = PBXFileReference; explicitFileType = wrapper.cfbundle; includeInIndex = 0; path = IOSWebserviceTests.xctest; sourceTree = BUILT_PRODUCTS_DIR; };
		53B5AE211F1E29CA005096F4 /* IOSWebserviceTests.swift */ = {isa = PBXFileReference; lastKnownFileType = sourcecode.swift; path = IOSWebserviceTests.swift; sourceTree = "<group>"; };
		53B5AE231F1E29CA005096F4 /* Info.plist */ = {isa = PBXFileReference; lastKnownFileType = text.plist.xml; path = Info.plist; sourceTree = "<group>"; };
/* End PBXFileReference section */

/* Begin PBXFrameworksBuildPhase section */
		53B5AE031F1E29CA005096F4 /* Frameworks */ = {
			isa = PBXFrameworksBuildPhase;
			buildActionMask = 2147483647;
			files = (
			);
			runOnlyForDeploymentPostprocessing = 0;
		};
		53B5AE1A1F1E29CA005096F4 /* Frameworks */ = {
			isa = PBXFrameworksBuildPhase;
			buildActionMask = 2147483647;
			files = (
			);
			runOnlyForDeploymentPostprocessing = 0;
		};
/* End PBXFrameworksBuildPhase section */

/* Begin PBXGroup section */
		53B5ADFD1F1E29CA005096F4 = {
			isa = PBXGroup;
			children = (
				53B5AE081F1E29CA005096F4 /* IOSWebservice */,
				53B5AE201F1E29CA005096F4 /* IOSWebserviceTests */,
				53B5AE071F1E29CA005096F4 /* Products */,
			);
			sourceTree = "<group>";
		};
		53B5AE071F1E29CA005096F4 /* Products */ = {
			isa = PBXGroup;
			children = (
				53B5AE061F1E29CA005096F4 /* IOSWebservice.app */,
				53B5AE1D1F1E29CA005096F4 /* IOSWebserviceTests.xctest */,
			);
			name = Products;
			sourceTree = "<group>";
		};
		53B5AE081F1E29CA005096F4 /* IOSWebservice */ = {
			isa = PBXGroup;
			children = (
				53B5AE091F1E29CA005096F4 /* AppDelegate.swift */,
				53B5AE0B1F1E29CA005096F4 /* ViewController.swift */,
				53B5AE0D1F1E29CA005096F4 /* Main.storyboard */,
				53B5AE131F1E29CA005096F4 /* Assets.xcassets */,
				53B5AE151F1E29CA005096F4 /* LaunchScreen.storyboard */,
				53B5AE181F1E29CA005096F4 /* Info.plist */,
				53B5AE101F1E29CA005096F4 /* IOSWebservice.xcdatamodeld */,
			);
			path = IOSWebservice;
			sourceTree = "<group>";
		};
		53B5AE201F1E29CA005096F4 /* IOSWebserviceTests */ = {
			isa = PBXGroup;
			children = (
				53B5AE211F1E29CA005096F4 /* IOSWebserviceTests.swift */,
				53B5AE231F1E29CA005096F4 /* Info.plist */,
			);
			path = IOSWebserviceTests;
			sourceTree = "<group>";
		};
/* End PBXGroup section */

/* Begin PBXNativeTarget section */
		53B5AE051F1E29CA005096F4 /* IOSWebservice */ = {
			isa = PBXNativeTarget;
			buildConfigurationList = 53B5AE261F1E29CA005096F4 /* Build configuration list for PBXNativeTarget "IOSWebservice" */;
			buildPhases = (
				53B5AE021F1E29CA005096F4 /* Sources */,
				53B5AE031F1E29CA005096F4 /* Frameworks */,
				53B5AE041F1E29CA005096F4 /* Resources */,
			);
			buildRules = (
			);
			dependencies = (
			);
			name = IOSWebservice;
			productName = IOSWebservice;
			productReference = 53B5AE061F1E29CA005096F4 /* IOSWebservice.app */;
			productType = "com.apple.product-type.application";
		};
		53B5AE1C1F1E29CA005096F4 /* IOSWebserviceTests */ = {
			isa = PBXNativeTarget;
			buildConfigurationList = 53B5AE291F1E29CA005096F4 /* Build configuration list for PBXNativeTarget "IOSWebserviceTests" */;
			buildPhases = (
				53B5AE191F1E29CA005096F4 /* Sources */,
				53B5AE1A1F1E29CA005096F4 /* Frameworks */,
				53B5AE1B1F1E29CA005096F4 /* Resources */,
			);
			buildRules = (
			);
			dependencies = (
				53B5AE1F1F1E29CA005096F4 /* PBXTargetDependency */,
			);
			name = IOSWebserviceTests;
			productName = IOSWebserviceTests;
			productReference = 53B5AE1D1F1E29CA005096F4 /* IOSWebserviceTests.xctest */;
			productType = "com.apple.product-type.bundle.unit-test";
		};
/* End PBXNativeTarget section */

/* Begin PBXProject section */
		53B5ADFE1F1E29CA005096F4 /* Project object */ = {
			isa = PBXProject;
			attributes = {
				LastSwiftUpdateCheck = 0830;
				LastUpgradeCheck = 0830;
				ORGANIZATIONNAME = "Muhammed Thasneem";
				TargetAttributes = {
					53B5AE051F1E29CA005096F4 = {
						CreatedOnToolsVersion = 8.3.3;
						ProvisioningStyle = Automatic;
					};
					53B5AE1C1F1E29CA005096F4 = {
						CreatedOnToolsVersion = 8.3.3;
						ProvisioningStyle = Automatic;
						TestTargetID = 53B5AE051F1E29CA005096F4;
					};
				};
			};
			buildConfigurationList = 53B5AE011F1E29CA005096F4 /* Build configuration list for PBXProject "IOSWebservice" */;
			compatibilityVersion = "Xcode 3.2";
			developmentRegion = English;
			hasScannedForEncodings = 0;
			knownRegions = (
				en,
				Base,
			);
			mainGroup = 53B5ADFD1F1E29CA005096F4;
			productRefGroup = 53B5AE071F1E29CA005096F4 /* Products */;
			projectDirPath = "";
			projectRoot = "";
			targets = (
				53B5AE051F1E29CA005096F4 /* IOSWebservice */,
				53B5AE1C1F1E29CA005096F4 /* IOSWebserviceTests */,
			);
		};
/* End PBXProject section */

/* Begin PBXResourcesBuildPhase section */
		53B5AE041F1E29CA005096F4 /* Resources */ = {
			isa = PBXResourcesBuildPhase;
			buildActionMask = 2147483647;
			files = (
				53B5AE171F1E29CA005096F4 /* LaunchScreen.storyboard in Resources */,
				53B5AE141F1E29CA005096F4 /* Assets.xcassets in Resources */,
				53B5AE0F1F1E29CA005096F4 /* Main.storyboard in Resources */,
			);
			runOnlyForDeploymentPostprocessing = 0;
		};
		53B5AE1B1F1E29CA005096F4 /* Resources */ = {
			isa = PBXResourcesBuildPhase;
			buildActionMask = 2147483647;
			files = (
			);
			runOnlyForDeploymentPostprocessing = 0;
		};
/* End PBXResourcesBuildPhase section */

/* Begin PBXSourcesBuildPhase section */
		53B5AE021F1E29CA005096F4 /* Sources */ = {
			isa = PBXSourcesBuildPhase;
			buildActionMask = 2147483647;
			files = (
				53B5AE121F1E29CA005096F4 /* IOSWebservice.xcdatamodeld in Sources */,
				53B5AE0C1F1E29CA005096F4 /* ViewController.swift in Sources */,
				53B5AE0A1F1E29CA005096F4 /* AppDelegate.swift in Sources */,
			);
			runOnlyForDeploymentPostprocessing = 0;
		};
		53B5AE191F1E29CA005096F4 /* Sources */ = {
			isa = PBXSourcesBuildPhase;
			buildActionMask = 2147483647;
			files = (
				53B5AE221F1E29CA005096F4 /* IOSWebserviceTests.swift in Sources */,
			);
			runOnlyForDeploymentPostprocessing = 0;
		};
/* End PBXSourcesBuildPhase section */

/* Begin PBXTargetDependency section */
		53B5AE1F1F1E29CA005096F4 /* PBXTargetDependency */ = {
			isa = PBXTargetDependency;
			target = 53B5AE051F1E29CA005096F4 /* IOSWebservice */;
			targetProxy = 53B5AE1E1F1E29CA005096F4 /* PBXContainerItemProxy */;
		};
/* End PBXTargetDependency section */

/* Begin PBXVariantGroup section */
		53B5AE0D1F1E29CA005096F4 /* Main.storyboard */ = {
			isa = PBXVariantGroup;
			children = (
				53B5AE0E1F1E29CA005096F4 /* Base */,
			);
			name = Main.storyboard;
			sourceTree = "<group>";
		};
		53B5AE151F1E29CA005096F4 /* LaunchScreen.storyboard */ = {
			isa = PBXVariantGroup;
			children = (
				53B5AE161F1E29CA005096F4 /* Base */,
			);
			name = LaunchScreen.storyboard;
			sourceTree = "<group>";
		};
/* End PBXVariantGroup section */

/* Begin XCBuildConfiguration section */
		53B5AE241F1E29CA005096F4 /* Debug */ = {
			isa = XCBuildConfiguration;
			buildSettings = {
				ALWAYS_SEARCH_USER_PATHS = NO;
				CLANG_ANALYZER_NONNULL = YES;
				CLANG_ANALYZER_NUMBER_OBJECT_CONVERSION = YES_AGGRESSIVE;
				CLANG_CXX_LANGUAGE_STANDARD = "gnu++0x";
				CLANG_CXX_LIBRARY = "libc++";
				CLANG_ENABLE_MODULES = YES;
				CLANG_ENABLE_OBJC_ARC = YES;
				CLANG_WARN_BOOL_CONVERSION = YES;
				CLANG_WARN_CONSTANT_CONVERSION = YES;
				CLANG_WARN_DIRECT_OBJC_ISA_USAGE = YES_ERROR;
				CLANG_WARN_DOCUMENTATION_COMMENTS = YES;
				CLANG_WARN_EMPTY_BODY = YES;
				CLANG_WARN_ENUM_CONVERSION = YES;
				CLANG_WARN_INFINITE_RECURSION = YES;
				CLANG_WARN_INT_CONVERSION = YES;
				CLANG_WARN_OBJC_ROOT_CLASS = YES_ERROR;
				CLANG_WARN_SUSPICIOUS_MOVE = YES;
				CLANG_WARN_UNREACHABLE_CODE = YES;
				CLANG_WARN__DUPLICATE_METHOD_MATCH = YES;
				"CODE_SIGN_IDENTITY[sdk=iphoneos*]" = "iPhone Developer";
				COPY_PHASE_STRIP = NO;
				DEBUG_INFORMATION_FORMAT = dwarf;
				ENABLE_STRICT_OBJC_MSGSEND = YES;
				ENABLE_TESTABILITY = YES;
				GCC_C_LANGUAGE_STANDARD = gnu99;
				GCC_DYNAMIC_NO_PIC = NO;
				GCC_NO_COMMON_BLOCKS = YES;
				GCC_OPTIMIZATION_LEVEL = 0;
				GCC_PREPROCESSOR_DEFINITIONS = (
					"DEBUG=1",
					"$(inherited)",
				);
				GCC_WARN_64_TO_32_BIT_CONVERSION = YES;
				GCC_WARN_ABOUT_RETURN_TYPE = YES_ERROR;
				GCC_WARN_UNDECLARED_SELECTOR = YES;
				GCC_WARN_UNINITIALIZED_AUTOS = YES_AGGRESSIVE;
				GCC_WARN_UNUSED_FUNCTION = YES;
				GCC_WARN_UNUSED_VARIABLE = YES;
				IPHONEOS_DEPLOYMENT_TARGET = 10.3;
				MTL_ENABLE_DEBUG_INFO = YES;
				ONLY_ACTIVE_ARCH = YES;
				SDKROOT = iphoneos;
				SWIFT_ACTIVE_COMPILATION_CONDITIONS = DEBUG;
				SWIFT_OPTIMIZATION_LEVEL = "-Onone";
				TARGETED_DEVICE_FAMILY = "1,2";
			};
			name = Debug;
		};
		53B5AE251F1E29CA005096F4 /* Release */ = {
			isa = XCBuildConfiguration;
			buildSettings = {
				ALWAYS_SEARCH_USER_PATHS = NO;
				CLANG_ANALYZER_NONNULL = YES;
				CLANG_ANALYZER_NUMBER_OBJECT_CONVERSION = YES_AGGRESSIVE;
				CLANG_CXX_LANGUAGE_STANDARD = "gnu++0x";
				CLANG_CXX_LIBRARY = "libc++";
				CLANG_ENABLE_MODULES = YES;
				CLANG_ENABLE_OBJC_ARC = YES;
				CLANG_WARN_BOOL_CONVERSION = YES;
				CLANG_WARN_CONSTANT_CONVERSION = YES;
				CLANG_WARN_DIRECT_OBJC_ISA_USAGE = YES_ERROR;
				CLANG_WARN_DOCUMENTATION_COMMENTS = YES;
				CLANG_WARN_EMPTY_BODY = YES;
				CLANG_WARN_ENUM_CONVERSION = YES;
				CLANG_WARN_INFINITE_RECURSION = YES;
				CLANG_WARN_INT_CONVERSION = YES;
				CLANG_WARN_OBJC_ROOT_CLASS = YES_ERROR;
				CLANG_WARN_SUSPICIOUS_MOVE = YES;
				CLANG_WARN_UNREACHABLE_CODE = YES;
				CLANG_WARN__DUPLICATE_METHOD_MATCH = YES;
				"CODE_SIGN_IDENTITY[sdk=iphoneos*]" = "iPhone Developer";
				COPY_PHASE_STRIP = NO;
				DEBUG_INFORMATION_FORMAT = "dwarf-with-dsym";
				ENABLE_NS_ASSERTIONS = NO;
				ENABLE_STRICT_OBJC_MSGSEND = YES;
				GCC_C_LANGUAGE_STANDARD = gnu99;
				GCC_NO_COMMON_BLOCKS = YES;
				GCC_WARN_64_TO_32_BIT_CONVERSION = YES;
				GCC_WARN_ABOUT_RETURN_TYPE = YES_ERROR;
				GCC_WARN_UNDECLARED_SELECTOR = YES;
				GCC_WARN_UNINITIALIZED_AUTOS = YES_AGGRESSIVE;
				GCC_WARN_UNUSED_FUNCTION = YES;
				GCC_WARN_UNUSED_VARIABLE = YES;
				IPHONEOS_DEPLOYMENT_TARGET = 10.3;
				MTL_ENABLE_DEBUG_INFO = NO;
				SDKROOT = iphoneos;
				SWIFT_OPTIMIZATION_LEVEL = "-Owholemodule";
				TARGETED_DEVICE_FAMILY = "1,2";
				VALIDATE_PRODUCT = YES;
			};
			name = Release;
		};
		53B5AE271F1E29CA005096F4 /* Debug */ = {
			isa = XCBuildConfiguration;
			buildSettings = {
				ASSETCATALOG_COMPILER_APPICON_NAME = AppIcon;
				INFOPLIST_FILE = IOSWebservice/Info.plist;
				LD_RUNPATH_SEARCH_PATHS = "$(inherited) @executable_path/Frameworks";
				PRODUCT_BUNDLE_IDENTIFIER = com.muhammed.example.IOSWebservice;
				PRODUCT_NAME = "$(TARGET_NAME)";
				SWIFT_VERSION = 3.0;
			};
			name = Debug;
		};
		53B5AE281F1E29CA005096F4 /* Release */ = {
			isa = XCBuildConfiguration;
			buildSettings = {
				ASSETCATALOG_COMPILER_APPICON_NAME = AppIcon;
				INFOPLIST_FILE = IOSWebservice/Info.plist;
				LD_RUNPATH_SEARCH_PATHS = "$(inherited) @executable_path/Frameworks";
				PRODUCT_BUNDLE_IDENTIFIER = com.muhammed.example.IOSWebservice;
				PRODUCT_NAME = "$(TARGET_NAME)";
				SWIFT_VERSION = 3.0;
			};
			name = Release;
		};
		53B5AE2A1F1E29CA005096F4 /* Debug */ = {
			isa = XCBuildConfiguration;
			buildSettings = {
				ALWAYS_EMBED_SWIFT_STANDARD_LIBRARIES = YES;
				BUNDLE_LOADER = "$(TEST_HOST)";
				INFOPLIST_FILE = IOSWebserviceTests/Info.plist;
				LD_RUNPATH_SEARCH_PATHS = "$(inherited) @executable_path/Frameworks @loader_path/Frameworks";
				PRODUCT_BUNDLE_IDENTIFIER = com.muhammed.example.IOSWebserviceTests;
				PRODUCT_NAME = "$(TARGET_NAME)";
				SWIFT_VERSION = 3.0;
				TEST_HOST = "$(BUILT_PRODUCTS_DIR)/IOSWebservice.app/IOSWebservice";
			};
			name = Debug;
		};
		53B5AE2B1F1E29CA005096F4 /* Release */ = {
			isa = XCBuildConfiguration;
			buildSettings = {
				ALWAYS_EMBED_SWIFT_STANDARD_LIBRARIES = YES;
				BUNDLE_LOADER = "$(TEST_HOST)";
				INFOPLIST_FILE = IOSWebserviceTests/Info.plist;
				LD_RUNPATH_SEARCH_PATHS = "$(inherited) @executable_path/Frameworks @loader_path/Frameworks";
				PRODUCT_BUNDLE_IDENTIFIER = com.muhammed.example.IOSWebserviceTests;
				PRODUCT_NAME = "$(TARGET_NAME)";
				SWIFT_VERSION = 3.0;
				TEST_HOST = "$(BUILT_PRODUCTS_DIR)/IOSWebservice.app/IOSWebservice";
			};
			name = Release;
		};
/* End XCBuildConfiguration section */

/* Begin XCConfigurationList section */
		53B5AE011F1E29CA005096F4 /* Build configuration list for PBXProject "IOSWebservice" */ = {
			isa = XCConfigurationList;
			buildConfigurations = (
				53B5AE241F1E29CA005096F4 /* Debug */,
				53B5AE251F1E29CA005096F4 /* Release */,
			);
			defaultConfigurationIsVisible = 0;
			defaultConfigurationName = Release;
		};
		53B5AE261F1E29CA005096F4 /* Build configuration list for PBXNativeTarget "IOSWebservice" */ = {
			isa = XCConfigurationList;
			buildConfigurations = (
				53B5AE271F1E29CA005096F4 /* Debug */,
				53B5AE281F1E29CA005096F4 /* Release */,
			);
			defaultConfigurationIsVisible = 0;
		};
		53B5AE291F1E29CA005096F4 /* Build configuration list for PBXNativeTarget "IOSWebserviceTests" */ = {
			isa = XCConfigurationList;
			buildConfigurations = (
				53B5AE2A1F1E29CA005096F4 /* Debug */,
				53B5AE2B1F1E29CA005096F4 /* Release */,
			);
			defaultConfigurationIsVisible = 0;
		};
/* End XCConfigurationList section */

/* Begin XCVersionGroup section */
		53B5AE101F1E29CA005096F4 /* IOSWebservice.xcdatamodeld */ = {
			isa = XCVersionGroup;
			children = (
				53B5AE111F1E29CA005096F4 /* IOSWebservice.xcdatamodel */,
			);
			currentVersion = 53B5AE111F1E29CA005096F4 /* IOSWebservice.xcdatamodel */;
			path = IOSWebservice.xcdatamodeld;
			sourceTree = "<group>";
			versionGroupType = wrapper.xcdatamodel;
		};
/* End XCVersionGroup section */
	};
	rootObject = 53B5ADFE1F1E29CA005096F4 /* Project object */;
}
